
Microsoft Visual Studio Solution File, Format Version 12.00
# Visual Studio Version 17
VisualStudioVersion = 17.11.35222.181
MinimumVisualStudioVersion = 10.0.40219.1
Project("{9A19103F-16F7-4668-BE54-9A1E7A4F7556}") = "MovieWpfApp", "samples\WpfAppSample\MovieWpfApp.csproj", "{88A775D1-C791-4867-8580-D884F319FF16}"
EndProject
Project("{9A19103F-16F7-4668-BE54-9A1E7A4F7556}") = "NuExt.Minimal.Mvvm.Windows", "src\NuExt.Minimal.Mvvm.Windows.csproj", "{4A9C138E-735C-40F2-B166-0D8E12D5F152}"
EndProject
Global
	GlobalSection(SolutionConfigurationPlatforms) = preSolution
		Debug|Any CPU = Debug|Any CPU
		Release|Any CPU = Release|Any CPU
	EndGlobalSection
	GlobalSection(ProjectConfigurationPlatforms) = postSolution
		{88A775D1-C791-4867-8580-D884F319FF16}.Debug|Any CPU.ActiveCfg = Debug|Any CPU
		{88A775D1-C791-4867-8580-D884F319FF16}.Debug|Any CPU.Build.0 = Debug|Any CPU
		{88A775D1-C791-4867-8580-D884F319FF16}.Release|Any CPU.ActiveCfg = Release|Any CPU
		{88A775D1-C791-4867-8580-D884F319FF16}.Release|Any CPU.Build.0 = Release|Any CPU
		{4A9C138E-735C-40F2-B166-0D8E12D5F152}.Debug|Any CPU.ActiveCfg = Debug|Any CPU
		{4A9C138E-735C-40F2-B166-0D8E12D5F152}.Debug|Any CPU.Build.0 = Debug|Any CPU
		{4A9C138E-735C-40F2-B166-0D8E12D5F152}.Release|Any CPU.ActiveCfg = Release|Any CPU
		{4A9C138E-735C-40F2-B166-0D8E12D5F152}.Release|Any CPU.Build.0 = Release|Any CPU
	EndGlobalSection
	GlobalSection(SolutionProperties) = preSolution
		HideSolutionNode = FALSE
	EndGlobalSection
	GlobalSection(ExtensibilityGlobals) = postSolution
		SolutionGuid = {7D6383B0-F3B3-4031-BCB5-0FA72EAFCBB2}
	EndGlobalSection
EndGlobal
